
Microsoft Visual Studio Solution File, Format Version 12.00
# Visual Studio 15
VisualStudioVersion = 15.0.26124.0
MinimumVisualStudioVersion = 15.0.26124.0
Project("{FAE04EC0-301F-11D3-BF4B-00C04F79EFBC}") = "R5T.Nykoping.Database.Construction", "R5T.Nykoping.Database.Construction\R5T.Nykoping.Database.Construction.csproj", "{505F4735-5C37-405F-B0DD-F7C9010D88A3}"
EndProject
Project("{FAE04EC0-301F-11D3-BF4B-00C04F79EFBC}") = "R5T.Nykoping.Database", "R5T.Nykoping.Database\R5T.Nykoping.Database.csproj", "{131D33D7-4B30-4115-BEFD-8C75A5A343D2}"
EndProject
Project("{FAE04EC0-301F-11D3-BF4B-00C04F79EFBC}") = "R5T.Nykoping.Database.Testing", "R5T.Nykoping.Database.Testing\R5T.Nykoping.Database.Testing.csproj", "{4F6AA577-0A9F-4542-9ED3-980FF2BF130C}"
EndProject
Global
	GlobalSection(SolutionConfigurationPlatforms) = preSolution
		Debug|Any CPU = Debug|Any CPU
		Debug|x64 = Debug|x64
		Debug|x86 = Debug|x86
		Release|Any CPU = Release|Any CPU
		Release|x64 = Release|x64
		Release|x86 = Release|x86
	EndGlobalSection
	GlobalSection(SolutionProperties) = preSolution
		HideSolutionNode = FALSE
	EndGlobalSection
	GlobalSection(ProjectConfigurationPlatforms) = postSolution
		{505F4735-5C37-405F-B0DD-F7C9010D88A3}.Debug|Any CPU.ActiveCfg = Debug|Any CPU
		{505F4735-5C37-405F-B0DD-F7C9010D88A3}.Debug|Any CPU.Build.0 = Debug|Any CPU
		{505F4735-5C37-405F-B0DD-F7C9010D88A3}.Debug|x64.ActiveCfg = Debug|Any CPU
		{505F4735-5C37-405F-B0DD-F7C9010D88A3}.Debug|x64.Build.0 = Debug|Any CPU
		{505F4735-5C37-405F-B0DD-F7C9010D88A3}.Debug|x86.ActiveCfg = Debug|Any CPU
		{505F4735-5C37-405F-B0DD-F7C9010D88A3}.Debug|x86.Build.0 = Debug|Any CPU
		{505F4735-5C37-405F-B0DD-F7C9010D88A3}.Release|Any CPU.ActiveCfg = Release|Any CPU
		{505F4735-5C37-405F-B0DD-F7C9010D88A3}.Release|Any CPU.Build.0 = Release|Any CPU
		{505F4735-5C37-405F-B0DD-F7C9010D88A3}.Release|x64.ActiveCfg = Release|Any CPU
		{505F4735-5C37-405F-B0DD-F7C9010D88A3}.Release|x64.Build.0 = Release|Any CPU
		{505F4735-5C37-405F-B0DD-F7C9010D88A3}.Release|x86.ActiveCfg = Release|Any CPU
		{505F4735-5C37-405F-B0DD-F7C9010D88A3}.Release|x86.Build.0 = Release|Any CPU
		{131D33D7-4B30-4115-BEFD-8C75A5A343D2}.Debug|Any CPU.ActiveCfg = Debug|Any CPU
		{131D33D7-4B30-4115-BEFD-8C75A5A343D2}.Debug|Any CPU.Build.0 = Debug|Any CPU
		{131D33D7-4B30-4115-BEFD-8C75A5A343D2}.Debug|x64.ActiveCfg = Debug|Any CPU
		{131D33D7-4B30-4115-BEFD-8C75A5A343D2}.Debug|x64.Build.0 = Debug|Any CPU
		{131D33D7-4B30-4115-BEFD-8C75A5A343D2}.Debug|x86.ActiveCfg = Debug|Any CPU
		{131D33D7-4B30-4115-BEFD-8C75A5A343D2}.Debug|x86.Build.0 = Debug|Any CPU
		{131D33D7-4B30-4115-BEFD-8C75A5A343D2}.Release|Any CPU.ActiveCfg = Release|Any CPU
		{131D33D7-4B30-4115-BEFD-8C75A5A343D2}.Release|Any CPU.Build.0 = Release|Any CPU
		{131D33D7-4B30-4115-BEFD-8C75A5A343D2}.Release|x64.ActiveCfg = Release|Any CPU
		{131D33D7-4B30-4115-BEFD-8C75A5A343D2}.Release|x64.Build.0 = Release|Any CPU
		{131D33D7-4B30-4115-BEFD-8C75A5A343D2}.Release|x86.ActiveCfg = Release|Any CPU
		{131D33D7-4B30-4115-BEFD-8C75A5A343D2}.Release|x86.Build.0 = Release|Any CPU
		{4F6AA577-0A9F-4542-9ED3-980FF2BF130C}.Debug|Any CPU.ActiveCfg = Debug|Any CPU
		{4F6AA577-0A9F-4542-9ED3-980FF2BF130C}.Debug|Any CPU.Build.0 = Debug|Any CPU
		{4F6AA577-0A9F-4542-9ED3-980FF2BF130C}.Debug|x64.ActiveCfg = Debug|Any CPU
		{4F6AA577-0A9F-4542-9ED3-980FF2BF130C}.Debug|x64.Build.0 = Debug|Any CPU
		{4F6AA577-0A9F-4542-9ED3-980FF2BF130C}.Debug|x86.ActiveCfg = Debug|Any CPU
		{4F6AA577-0A9F-4542-9ED3-980FF2BF130C}.Debug|x86.Build.0 = Debug|Any CPU
		{4F6AA577-0A9F-4542-9ED3-980FF2BF130C}.Release|Any CPU.ActiveCfg = Release|Any CPU
		{4F6AA577-0A9F-4542-9ED3-980FF2BF130C}.Release|Any CPU.Build.0 = Release|Any CPU
		{4F6AA577-0A9F-4542-9ED3-980FF2BF130C}.Release|x64.ActiveCfg = Release|Any CPU
		{4F6AA577-0A9F-4542-9ED3-980FF2BF130C}.Release|x64.Build.0 = Release|Any CPU
		{4F6AA577-0A9F-4542-9ED3-980FF2BF130C}.Release|x86.ActiveCfg = Release|Any CPU
		{4F6AA577-0A9F-4542-9ED3-980FF2BF130C}.Release|x86.Build.0 = Release|Any CPU
	EndGlobalSection
EndGlobal
